
Microsoft Visual Studio Solution File, Format Version 12.00
# Visual Studio Version 17
VisualStudioVersion = 17.7.34031.279
MinimumVisualStudioVersion = 10.0.40219.1
Project("{FAE04EC0-301F-11D3-BF4B-00C04F79EFBC}") = "WebArticlesAPI", "WebArticlesAPI\WebArticlesAPI.csproj", "{F6B5FB09-69B1-49F4-A5B5-F78B45F6A3BB}"
EndProject
Global
	GlobalSection(SolutionConfigurationPlatforms) = preSolution
		Debug|Any CPU = Debug|Any CPU
		Release|Any CPU = Release|Any CPU
	EndGlobalSection
	GlobalSection(ProjectConfigurationPlatforms) = postSolution
		{F6B5FB09-69B1-49F4-A5B5-F78B45F6A3BB}.Debug|Any CPU.ActiveCfg = Debug|Any CPU
		{F6B5FB09-69B1-49F4-A5B5-F78B45F6A3BB}.Debug|Any CPU.Build.0 = Debug|Any CPU
		{F6B5FB09-69B1-49F4-A5B5-F78B45F6A3BB}.Release|Any CPU.ActiveCfg = Release|Any CPU
		{F6B5FB09-69B1-49F4-A5B5-F78B45F6A3BB}.Release|Any CPU.Build.0 = Release|Any CPU
	EndGlobalSection
	GlobalSection(SolutionProperties) = preSolution
		HideSolutionNode = FALSE
	EndGlobalSection
	GlobalSection(ExtensibilityGlobals) = postSolution
		SolutionGuid = {99DB116C-DE9D-42B8-BBDD-0B6683F1C4CF}
	EndGlobalSection
EndGlobal
